<?xml version="1.0" encoding="UTF-8" standalone="yes" ?>
<CodeBlocks_project_file>
	<FileVersion major="1" minor="6" />
	<Project>
		<Option title="component-tests" />
		<Option pch_mode="2" />
		<Option compiler="gcc" />
		<Build>
			<Target title="Debug">
				<Option output="bin/Debug/component-tests" prefix_auto="1" extension_auto="1" />
				<Option object_output="obj/Debug/" />
				<Option type="1" />
				<Option compiler="gcc" />
				<Compiler>
					<Add option="-g" />
				</Compiler>
			</Target>
			<Target title="Release">
				<Option output="bin/Release/component-tests" prefix_auto="1" extension_auto="1" />
				<Option object_output="obj/Release/" />
				<Option type="1" />
				<Option compiler="gcc" />
				<Compiler>
					<Add option="-O2" />
				</Compiler>
				<Linker>
					<Add option="-s" />
				</Linker>
			</Target>
		</Build>
		<Compiler>
			<Add option="-Weffc++" />
			<Add option="-pedantic" />
			<Add option="-Wextra" />
			<Add option="-Wall" />
			<Add option="-std=c++17" />
			<Add option="-fexceptions" />
		</Compiler>
		<Unit filename="../../src/basic-rss/Days.cpp" />
		<Unit filename="../../src/basic-rss/Days.hpp" />
		<Unit filename="../../src/rss2.0/Category.cpp" />
		<Unit filename="../../src/rss2.0/Category.hpp" />
		<Unit filename="../../src/rss2.0/Cloud.cpp" />
		<Unit filename="../../src/rss2.0/Cloud.hpp" />
		<Unit filename="../../src/rss2.0/Enclosure.cpp" />
		<Unit filename="../../src/rss2.0/Enclosure.hpp" />
		<Unit filename="../../src/rss2.0/Guid.cpp" />
		<Unit filename="../../src/rss2.0/Guid.hpp" />
		<Unit filename="../../src/rss2.0/Protocol.cpp" />
		<Unit filename="../../src/rss2.0/Protocol.hpp" />
		<Unit filename="../../src/rss2.0/Source.cpp" />
		<Unit filename="../../src/rss2.0/Source.hpp" />
		<Unit filename="basic-rss/Days.cpp" />
		<Unit filename="main.cpp" />
		<Unit filename="rss2.0/Category.cpp" />
		<Unit filename="rss2.0/Cloud.cpp" />
		<Unit filename="rss2.0/Enclosure.cpp" />
		<Unit filename="rss2.0/Guid.cpp" />
		<Unit filename="rss2.0/Protocol.cpp" />
		<Unit filename="rss2.0/Source.cpp" />
		<Extensions>
			<lib_finder disable_auto="1" />
		</Extensions>
	</Project>
</CodeBlocks_project_file>
