<?xml version="1.0" encoding="UTF-8" standalone="yes" ?>
<CodeBlocks_project_file>
	<FileVersion major="1" minor="6" />
	<Project>
		<Option title="source-element" />
		<Option pch_mode="2" />
		<Option compiler="gcc" />
		<Build>
			<Target title="Debug">
				<Option output="bin/Debug/source-element" prefix_auto="1" extension_auto="1" />
				<Option object_output="obj/Debug/" />
				<Option type="1" />
				<Option compiler="gcc" />
				<Compiler>
					<Add option="-g" />
				</Compiler>
			</Target>
			<Target title="Release">
				<Option output="bin/Release/source-element" prefix_auto="1" extension_auto="1" />
				<Option object_output="obj/Release/" />
				<Option type="1" />
				<Option compiler="gcc" />
				<Compiler>
					<Add option="-O2" />
				</Compiler>
				<Linker>
					<Add option="-s" />
				</Linker>
			</Target>
		</Build>
		<Compiler>
			<Add option="-std=c++17" />
			<Add option="-Wall" />
			<Add option="-fexceptions" />
			<Add directory="/usr/include/libxml2" />
		</Compiler>
		<Linker>
			<Add library="xml2" />
		</Linker>
		<Unit filename="../../../../src/StringFunctions.cpp" />
		<Unit filename="../../../../src/StringFunctions.hpp" />
		<Unit filename="../../../../src/basic-rss/Channel.cpp" />
		<Unit filename="../../../../src/basic-rss/Channel.hpp" />
		<Unit filename="../../../../src/basic-rss/Image.cpp" />
		<Unit filename="../../../../src/basic-rss/Image.hpp" />
		<Unit filename="../../../../src/basic-rss/Parser.cpp" />
		<Unit filename="../../../../src/basic-rss/Parser.hpp" />
		<Unit filename="../../../../src/basic-rss/TextInput.cpp" />
		<Unit filename="../../../../src/basic-rss/TextInput.hpp" />
		<Unit filename="../../../../src/rfc822/Date.cpp" />
		<Unit filename="../../../../src/rfc822/Date.hpp" />
		<Unit filename="../../../../src/rss2.0/Category.cpp" />
		<Unit filename="../../../../src/rss2.0/Category.hpp" />
		<Unit filename="../../../../src/rss2.0/Channel.cpp" />
		<Unit filename="../../../../src/rss2.0/Channel.hpp" />
		<Unit filename="../../../../src/rss2.0/Cloud.cpp" />
		<Unit filename="../../../../src/rss2.0/Cloud.hpp" />
		<Unit filename="../../../../src/rss2.0/Enclosure.cpp" />
		<Unit filename="../../../../src/rss2.0/Enclosure.hpp" />
		<Unit filename="../../../../src/rss2.0/Guid.cpp" />
		<Unit filename="../../../../src/rss2.0/Guid.hpp" />
		<Unit filename="../../../../src/rss2.0/Image.hpp" />
		<Unit filename="../../../../src/rss2.0/Item.cpp" />
		<Unit filename="../../../../src/rss2.0/Item.hpp" />
		<Unit filename="../../../../src/rss2.0/Parser.cpp" />
		<Unit filename="../../../../src/rss2.0/Parser.hpp" />
		<Unit filename="../../../../src/rss2.0/Protocol.cpp" />
		<Unit filename="../../../../src/rss2.0/Protocol.hpp" />
		<Unit filename="../../../../src/rss2.0/Source.cpp" />
		<Unit filename="../../../../src/rss2.0/Source.hpp" />
		<Unit filename="../../../../src/rss2.0/TextInput.hpp" />
		<Unit filename="../../../../src/xml/XMLDocument.cpp" />
		<Unit filename="../../../../src/xml/XMLDocument.hpp" />
		<Unit filename="../../../../src/xml/XMLNode.cpp" />
		<Unit filename="../../../../src/xml/XMLNode.hpp" />
		<Unit filename="main.cpp" />
		<Extensions>
			<lib_finder disable_auto="1" />
		</Extensions>
	</Project>
</CodeBlocks_project_file>
